
Microsoft Visual Studio Solution File, Format Version 12.00
# Visual Studio 2012
Project("{D954291E-2A0B-460D-934E-DC6B0785DB48}") = "WalletScanning", "WalletScanning\WalletScanning.shproj", "{54F8BBEF-0235-4B0E-905C-F54A692D8EAF}"
EndProject
Project("{FAE04EC0-301F-11D3-BF4B-00C04F79EFBC}") = "WalletScanning.Droid", "Droid\WalletScanning.Droid.csproj", "{35103DE0-4B59-4527-9913-697B00E49463}"
EndProject
Global
	GlobalSection(SolutionConfigurationPlatforms) = preSolution
		Debug|Any CPU = Debug|Any CPU
		Release|Any CPU = Release|Any CPU
	EndGlobalSection
	GlobalSection(ProjectConfigurationPlatforms) = postSolution
		{35103DE0-4B59-4527-9913-697B00E49463}.Debug|Any CPU.ActiveCfg = Debug|Any CPU
		{35103DE0-4B59-4527-9913-697B00E49463}.Debug|Any CPU.Build.0 = Debug|Any CPU
		{35103DE0-4B59-4527-9913-697B00E49463}.Release|Any CPU.ActiveCfg = Release|Any CPU
		{35103DE0-4B59-4527-9913-697B00E49463}.Release|Any CPU.Build.0 = Release|Any CPU
	EndGlobalSection
EndGlobal
